
Microsoft Visual Studio Solution File, Format Version 12.00
# Visual Studio Version 17
VisualStudioVersion = 17.14.36109.1
MinimumVisualStudioVersion = 10.0.40219.1
Project("{FAE04EC0-301F-11D3-BF4B-00C04F79EFBC}") = "API_Banho_Tosa", "API_Banho_Tosa\API_Banho_Tosa.csproj", "{83800FF1-4876-4F99-8ABA-BCB3135601D7}"
EndProject
Project("{2150E333-8FDC-42A3-9474-1A3956D46DE8}") = "src", "src", "{02EA681E-C7D8-13C7-8484-4AC65E1B71E8}"
EndProject
Project("{2150E333-8FDC-42A3-9474-1A3956D46DE8}") = "tests", "tests", "{E0BFBD04-A718-4688-BD16-23CD87EEC7E5}"
EndProject
Project("{2150E333-8FDC-42A3-9474-1A3956D46DE8}") = "BanhoTosa.Domain.Tests", "BanhoTosa.Domain.Tests", "{978A1766-9A52-414F-819E-B5699F70781C}"
EndProject
Project("{FAE04EC0-301F-11D3-BF4B-00C04F79EFBC}") = "BanhoTosa.Domain.Tests", "Tests\BanhoTosa.Domain.Tests\BanhoTosa.Domain.Tests.csproj", "{C60CC9B6-5E90-4CD4-A62C-6A947FD5ECF0}"
EndProject
Project("{2150E333-8FDC-42A3-9474-1A3956D46DE8}") = "BanhoTosa.Application.Tests", "BanhoTosa.Application.Tests", "{E95032AB-6F6B-49A0-BB57-F72DC9CF3926}"
EndProject
Project("{FAE04EC0-301F-11D3-BF4B-00C04F79EFBC}") = "BanhoTosa.Application.Tests", "Tests\BanhoTosa.Application.Tests\BanhoTosa.Application.Tests.csproj", "{2121AC55-A3AF-4A78-B20C-F1AD74170D79}"
EndProject
Global
	GlobalSection(SolutionConfigurationPlatforms) = preSolution
		Debug|Any CPU = Debug|Any CPU
		Release|Any CPU = Release|Any CPU
	EndGlobalSection
	GlobalSection(ProjectConfigurationPlatforms) = postSolution
		{83800FF1-4876-4F99-8ABA-BCB3135601D7}.Debug|Any CPU.ActiveCfg = Debug|Any CPU
		{83800FF1-4876-4F99-8ABA-BCB3135601D7}.Debug|Any CPU.Build.0 = Debug|Any CPU
		{83800FF1-4876-4F99-8ABA-BCB3135601D7}.Release|Any CPU.ActiveCfg = Release|Any CPU
		{83800FF1-4876-4F99-8ABA-BCB3135601D7}.Release|Any CPU.Build.0 = Release|Any CPU
		{C60CC9B6-5E90-4CD4-A62C-6A947FD5ECF0}.Debug|Any CPU.ActiveCfg = Debug|Any CPU
		{C60CC9B6-5E90-4CD4-A62C-6A947FD5ECF0}.Debug|Any CPU.Build.0 = Debug|Any CPU
		{C60CC9B6-5E90-4CD4-A62C-6A947FD5ECF0}.Release|Any CPU.ActiveCfg = Release|Any CPU
		{C60CC9B6-5E90-4CD4-A62C-6A947FD5ECF0}.Release|Any CPU.Build.0 = Release|Any CPU
		{2121AC55-A3AF-4A78-B20C-F1AD74170D79}.Debug|Any CPU.ActiveCfg = Debug|Any CPU
		{2121AC55-A3AF-4A78-B20C-F1AD74170D79}.Debug|Any CPU.Build.0 = Debug|Any CPU
		{2121AC55-A3AF-4A78-B20C-F1AD74170D79}.Release|Any CPU.ActiveCfg = Release|Any CPU
		{2121AC55-A3AF-4A78-B20C-F1AD74170D79}.Release|Any CPU.Build.0 = Release|Any CPU
	EndGlobalSection
	GlobalSection(SolutionProperties) = preSolution
		HideSolutionNode = FALSE
	EndGlobalSection
	GlobalSection(NestedProjects) = preSolution
		{83800FF1-4876-4F99-8ABA-BCB3135601D7} = {02EA681E-C7D8-13C7-8484-4AC65E1B71E8}
		{978A1766-9A52-414F-819E-B5699F70781C} = {E0BFBD04-A718-4688-BD16-23CD87EEC7E5}
		{C60CC9B6-5E90-4CD4-A62C-6A947FD5ECF0} = {978A1766-9A52-414F-819E-B5699F70781C}
		{E95032AB-6F6B-49A0-BB57-F72DC9CF3926} = {E0BFBD04-A718-4688-BD16-23CD87EEC7E5}
		{2121AC55-A3AF-4A78-B20C-F1AD74170D79} = {E95032AB-6F6B-49A0-BB57-F72DC9CF3926}
	EndGlobalSection
	GlobalSection(ExtensibilityGlobals) = postSolution
		SolutionGuid = {5E1CBA21-8518-4E6E-8081-94FC3C84D2DF}
	EndGlobalSection
EndGlobal
